
Microsoft Visual Studio Solution File, Format Version 12.00
# Visual Studio Version 17
VisualStudioVersion = 17.7.34202.233
MinimumVisualStudioVersion = 10.0.40219.1
Project("{FAE04EC0-301F-11D3-BF4B-00C04F79EFBC}") = "archivos secuenciales indexados", "archivos secuenciales indexados\archivos secuenciales indexados.csproj", "{F6CD857C-A62B-4A3D-A2BF-7433D83930A7}"
EndProject
Global
	GlobalSection(SolutionConfigurationPlatforms) = preSolution
		Debug|Any CPU = Debug|Any CPU
		Release|Any CPU = Release|Any CPU
	EndGlobalSection
	GlobalSection(ProjectConfigurationPlatforms) = postSolution
		{F6CD857C-A62B-4A3D-A2BF-7433D83930A7}.Debug|Any CPU.ActiveCfg = Debug|Any CPU
		{F6CD857C-A62B-4A3D-A2BF-7433D83930A7}.Debug|Any CPU.Build.0 = Debug|Any CPU
		{F6CD857C-A62B-4A3D-A2BF-7433D83930A7}.Release|Any CPU.ActiveCfg = Release|Any CPU
		{F6CD857C-A62B-4A3D-A2BF-7433D83930A7}.Release|Any CPU.Build.0 = Release|Any CPU
	EndGlobalSection
	GlobalSection(SolutionProperties) = preSolution
		HideSolutionNode = FALSE
	EndGlobalSection
	GlobalSection(ExtensibilityGlobals) = postSolution
		SolutionGuid = {1D0F20D3-AB1F-47FE-B23C-F157370E2D3A}
	EndGlobalSection
EndGlobal
